// !$*UTF8*$!
{
	archiveVersion = 1;
	classes = {
	};
	objectVersion = 46;
	objects = {

/* Begin PBXBuildFile section */
		0337B788FA403E37FC5B4119236D8C0D /* TanukiKit.swift in Sources */ = {isa = PBXBuildFile; fileRef = 8AEB4FEE2BD2054CF6DCE70DE28C1EEE /* TanukiKit.swift */; };
		0769BA8292959A0A048B43787C6D3286 /* User.json in Resources */ = {isa = PBXBuildFile; fileRef = 74206D97A03B75EE2C815B230BC4263A /* User.json */; };
		0A662AC17ED380C15E6256D3D5FD3D70 /* Project.json in Resources */ = {isa = PBXBuildFile; fileRef = F9D1181EC29F4993AB999B1821E4C65B /* Project.json */; };
		14934D48A4CDABFC74E6E2194C6DB60E /* Project.swift in Sources */ = {isa = PBXBuildFile; fileRef = 2C3FA506B89F82880B3E7CED785ACA35 /* Project.swift */; };
		15F22497A073A5178A361E4BA2EBE3A8 /* Project.swift in Sources */ = {isa = PBXBuildFile; fileRef = 2C3FA506B89F82880B3E7CED785ACA35 /* Project.swift */; };
		186EA252B0CE9C26C16F3AED344BF6C0 /* RequestKit.framework in Carthage embed */ = {isa = PBXBuildFile; fileRef = AF12B4717DFFA36483FF1C0DA2B38CC5 /* RequestKit.framework */; settings = {ATTRIBUTES = (CodeSignOnCopy, RemoveHeadersOnCopy, ); }; };
		1E626B7EFB2739B7C639877997BC8DA1 /* KeysTests.swift in Sources */ = {isa = PBXBuildFile; fileRef = BFE245A0742B8DB5C93D574A892CE8D5 /* KeysTests.swift */; };
		1FA9AA510682185C27F85A0C35806767 /* KeysTests.swift in Sources */ = {isa = PBXBuildFile; fileRef = BFE245A0742B8DB5C93D574A892CE8D5 /* KeysTests.swift */; };
		20F94EECC1336E47F927C294DE14DF65 /* TanukiKit.h in Headers */ = {isa = PBXBuildFile; fileRef = DE3467D350D2600011BE1F1BB300AD3D /* TanukiKit.h */; settings = {ATTRIBUTES = (Public, ); }; };
		29F9A8CFE46F641FD1DCB90B60D76514 /* KeysTests.swift in Sources */ = {isa = PBXBuildFile; fileRef = BFE245A0742B8DB5C93D574A892CE8D5 /* KeysTests.swift */; };
		2B36715AA0BDF6F50BC72F1933C245A3 /* RequestKit.framework in Frameworks */ = {isa = PBXBuildFile; fileRef = AF12B4717DFFA36483FF1C0DA2B38CC5 /* RequestKit.framework */; };
		2B4EA28F91C5EA216EEEFAC63B5A6AF8 /* User.json in Resources */ = {isa = PBXBuildFile; fileRef = 74206D97A03B75EE2C815B230BC4263A /* User.json */; };
		2CE210773699D5B40A457BB48ACAC841 /* ConfigurationTests.swift in Sources */ = {isa = PBXBuildFile; fileRef = A7E59B033D9A3FA205408CFB47FC46E4 /* ConfigurationTests.swift */; };
		30B38528CC018D4321D2817745305824 /* TanukiKit.swift in Sources */ = {isa = PBXBuildFile; fileRef = 8AEB4FEE2BD2054CF6DCE70DE28C1EEE /* TanukiKit.swift */; };
		31A56174AEBAAB59F53D2F38CFCA552F /* CommitDiff.json in Resources */ = {isa = PBXBuildFile; fileRef = 7F98B078ACDFB01199D19D45B4E91B07 /* CommitDiff.json */; };
		352ACA4B4A68BA5E3A29F1BBE1F4FBFD /* Event.json in Resources */ = {isa = PBXBuildFile; fileRef = 0C77668798B84442484B353E219664C7 /* Event.json */; };
		35792D326F3C6FEE786F95B8ECC9026E /* Event.json in Resources */ = {isa = PBXBuildFile; fileRef = 0C77668798B84442484B353E219664C7 /* Event.json */; };
		366DB9B5FE0EF584EB402F9E048C13BD /* Project.json in Resources */ = {isa = PBXBuildFile; fileRef = F9D1181EC29F4993AB999B1821E4C65B /* Project.json */; };
		381538306E30B7F0D0EAB342318515BD /* Events.json in Resources */ = {isa = PBXBuildFile; fileRef = 9AD8F309581981B1B8E0727BA287D0DD /* Events.json */; };
		39972DBB4B4B2AA1FC7DCB6D4BBF3C1A /* UserTests.swift in Sources */ = {isa = PBXBuildFile; fileRef = AC71371170C68DD0AC069D4F45DFA3F2 /* UserTests.swift */; };
		3A491C3238EBEE35648CD97CEEB441FA /* Keys.swift in Sources */ = {isa = PBXBuildFile; fileRef = 073B848602B964A9E726E3B8DB6BC95F /* Keys.swift */; };
		3A52A1FC7BEF8419D7A597EB2A820769 /* Configuration.swift in Sources */ = {isa = PBXBuildFile; fileRef = CA30684E146A84436231288AAAF7D4C3 /* Configuration.swift */; };
		40C576038EAE82B280E06C5A50E6FEC7 /* Commit.swift in Sources */ = {isa = PBXBuildFile; fileRef = A9DD3AAAA56EBAB534AAFAB0ED288914 /* Commit.swift */; };
		41A4CE7E573847548074D5773D0E2792 /* Time.swift in Sources */ = {isa = PBXBuildFile; fileRef = 8EE76F7501759BE81D349AA75A38F30E /* Time.swift */; };
		4AE227866673FC18CF005EDDC5BB3235 /* TanukiKit.framework in Frameworks */ = {isa = PBXBuildFile; fileRef = 27B32283316A63B55E858A0F6B3BACD5 /* TanukiKit.framework */; };
		4BD6ACF9363CB0F0AD03076F2AA778E3 /* Project.swift in Sources */ = {isa = PBXBuildFile; fileRef = 2C3FA506B89F82880B3E7CED785ACA35 /* Project.swift */; };
		4C4003250B7FC168CF762023CF4F399C /* Events.json in Resources */ = {isa = PBXBuildFile; fileRef = 9AD8F309581981B1B8E0727BA287D0DD /* Events.json */; };
		4C919C2E86CB609F991A91DE5D13F00B /* RequestKit.framework in Frameworks */ = {isa = PBXBuildFile; fileRef = AF12B4717DFFA36483FF1C0DA2B38CC5 /* RequestKit.framework */; };
		5018211A785FDF14C412B6DF1067110D /* Events.json in Resources */ = {isa = PBXBuildFile; fileRef = 9AD8F309581981B1B8E0727BA287D0DD /* Events.json */; };
		55952403B234C63DA693DDD0FDA3B38B /* ConfigurationTests.swift in Sources */ = {isa = PBXBuildFile; fileRef = A7E59B033D9A3FA205408CFB47FC46E4 /* ConfigurationTests.swift */; };
		55EE57C950AF521F3BB29F8A01C452FE /* TanukiKit.framework in Frameworks */ = {isa = PBXBuildFile; fileRef = 27B32283316A63B55E858A0F6B3BACD5 /* TanukiKit.framework */; };
		574EC0A61B5CFE396B402CADE446A468 /* Event.json in Resources */ = {isa = PBXBuildFile; fileRef = 0C77668798B84442484B353E219664C7 /* Event.json */; };
		662706435F2F31D615E04457F1434B1A /* ConfigurationTests.swift in Sources */ = {isa = PBXBuildFile; fileRef = A7E59B033D9A3FA205408CFB47FC46E4 /* ConfigurationTests.swift */; };
		6A8A26E7F95B3033B1FA11BFE5E1CF89 /* RequestKit.framework in Carthage embed */ = {isa = PBXBuildFile; fileRef = A01DB50316B084A5B63546FA5863D657 /* RequestKit.framework */; settings = {ATTRIBUTES = (CodeSignOnCopy, RemoveHeadersOnCopy, ); }; };
		6CDD794F01D5B4859CDA9C458FA4B2D2 /* CommitComment.json in Resources */ = {isa = PBXBuildFile; fileRef = 89FD059A27DD9F920D29F9AB2324E1E8 /* CommitComment.json */; };
		76A8D0691E5B196500FB9733 /* Commit.json in Resources */ = {isa = PBXBuildFile; fileRef = E722B44A4BB4F51A147369C83890302F /* Commit.json */; };
		76A8D06A1E5B196600FB9733 /* Commit.json in Resources */ = {isa = PBXBuildFile; fileRef = E722B44A4BB4F51A147369C83890302F /* Commit.json */; };
		76A8D06B1E5B196C00FB9733 /* CommitComment.json in Resources */ = {isa = PBXBuildFile; fileRef = 89FD059A27DD9F920D29F9AB2324E1E8 /* CommitComment.json */; };
		76A8D06C1E5B196D00FB9733 /* CommitComment.json in Resources */ = {isa = PBXBuildFile; fileRef = 89FD059A27DD9F920D29F9AB2324E1E8 /* CommitComment.json */; };
		76A8D06D1E5B196F00FB9733 /* CommitDiff.json in Resources */ = {isa = PBXBuildFile; fileRef = 7F98B078ACDFB01199D19D45B4E91B07 /* CommitDiff.json */; };
		76A8D06E1E5B197000FB9733 /* CommitDiff.json in Resources */ = {isa = PBXBuildFile; fileRef = 7F98B078ACDFB01199D19D45B4E91B07 /* CommitDiff.json */; };
		76A8D06F1E5B197500FB9733 /* CommitStatus.json in Resources */ = {isa = PBXBuildFile; fileRef = 659C6B6D05A6322346A3CC96539A3D61 /* CommitStatus.json */; };
		76A8D0701E5B197500FB9733 /* CommitStatus.json in Resources */ = {isa = PBXBuildFile; fileRef = 659C6B6D05A6322346A3CC96539A3D61 /* CommitStatus.json */; };
		76A8D0711E5B197900FB9733 /* Commits.json in Resources */ = {isa = PBXBuildFile; fileRef = DC808A328F2A8331CAA0ECE6B8902436 /* Commits.json */; };
		76A8D0721E5B197A00FB9733 /* Commits.json in Resources */ = {isa = PBXBuildFile; fileRef = DC808A328F2A8331CAA0ECE6B8902436 /* Commits.json */; };
		76CB63CA1E57B3F3004F1A37 /* Commit.swift in Sources */ = {isa = PBXBuildFile; fileRef = A9DD3AAAA56EBAB534AAFAB0ED288914 /* Commit.swift */; };
		76CB63CB1E57B3F4004F1A37 /* Commit.swift in Sources */ = {isa = PBXBuildFile; fileRef = A9DD3AAAA56EBAB534AAFAB0ED288914 /* Commit.swift */; };
		76CB63CC1E57B3F5004F1A37 /* Commit.swift in Sources */ = {isa = PBXBuildFile; fileRef = A9DD3AAAA56EBAB534AAFAB0ED288914 /* Commit.swift */; };
		76CB63CD1E57B403004F1A37 /* CommitTests.swift in Sources */ = {isa = PBXBuildFile; fileRef = 919F5A7678BDA179B58A3C84B66D56E8 /* CommitTests.swift */; };
		76CB63CE1E57B405004F1A37 /* CommitTests.swift in Sources */ = {isa = PBXBuildFile; fileRef = 919F5A7678BDA179B58A3C84B66D56E8 /* CommitTests.swift */; };
		783CA3C79721AEC168FA6D1CB1575B0A /* Time.swift in Sources */ = {isa = PBXBuildFile; fileRef = 8EE76F7501759BE81D349AA75A38F30E /* Time.swift */; };
		7C5A3919597D9DB85C42615FBD8323C1 /* ProjectTests.swift in Sources */ = {isa = PBXBuildFile; fileRef = 6CB8B1D7D5B0372B46575A5AF06CFFCA /* ProjectTests.swift */; };
		7EA3D8D6CE77AF299267D32AF31E3284 /* public_key.json in Resources */ = {isa = PBXBuildFile; fileRef = 5597F1747C8C5666820AE41F5DDCB6A3 /* public_key.json */; };
		810CAEC3F5141B968A79B5F9FF7C4D42 /* TestHelper.swift in Sources */ = {isa = PBXBuildFile; fileRef = 599DBD5FBF34D262DEBD61BE6EB7C4E4 /* TestHelper.swift */; };
		83AC0157A5C734BEC2AE8100311F7D10 /* Projects.json in Resources */ = {isa = PBXBuildFile; fileRef = C7E6CAEAE39DCAF51B4F6A1C83F75370 /* Projects.json */; };
		8450AE8D2DD1B858817C2F3AF4EE5FFC /* Configuration.swift in Sources */ = {isa = PBXBuildFile; fileRef = CA30684E146A84436231288AAAF7D4C3 /* Configuration.swift */; };
		861CE9115DD00F0D3EF50E7666DF604A /* RequestKit.framework in Carthage embed */ = {isa = PBXBuildFile; fileRef = AF12B4717DFFA36483FF1C0DA2B38CC5 /* RequestKit.framework */; settings = {ATTRIBUTES = (CodeSignOnCopy, RemoveHeadersOnCopy, ); }; };
		8746BCDCF41FF9A8C8FB7A58E8BBBE5F /* CommitTests.swift in Sources */ = {isa = PBXBuildFile; fileRef = 919F5A7678BDA179B58A3C84B66D56E8 /* CommitTests.swift */; };
		87B1357F34B8F3197F94A265CF1C2DE1 /* Projects.json in Resources */ = {isa = PBXBuildFile; fileRef = C7E6CAEAE39DCAF51B4F6A1C83F75370 /* Projects.json */; };
		8B33C6FB5C04F39C7C420DF3CCBCD3BD /* User.swift in Sources */ = {isa = PBXBuildFile; fileRef = 41C13227D7C909BC50C8F6036BC826E2 /* User.swift */; };
		8B69278939507836B4863AB46E1A4769 /* Time.swift in Sources */ = {isa = PBXBuildFile; fileRef = 8EE76F7501759BE81D349AA75A38F30E /* Time.swift */; };
		8CF5BFD7CBC0C59413ACD2D94E1D21CA /* User.swift in Sources */ = {isa = PBXBuildFile; fileRef = 41C13227D7C909BC50C8F6036BC826E2 /* User.swift */; };
		8E7CDA2559A309EBC32EC5AE4D54DA29 /* Commits.json in Resources */ = {isa = PBXBuildFile; fileRef = DC808A328F2A8331CAA0ECE6B8902436 /* Commits.json */; };
		90A4968A7CC2410FE90C5027127B0DB1 /* User.swift in Sources */ = {isa = PBXBuildFile; fileRef = 41C13227D7C909BC50C8F6036BC826E2 /* User.swift */; };
		9150D5DB4C85F0C0D26871A767BCE9A0 /* Commit.json in Resources */ = {isa = PBXBuildFile; fileRef = E722B44A4BB4F51A147369C83890302F /* Commit.json */; };
		95490CF78D654F5FCA8297AB9030B95B /* TanukiKit.h in Headers */ = {isa = PBXBuildFile; fileRef = DE3467D350D2600011BE1F1BB300AD3D /* TanukiKit.h */; settings = {ATTRIBUTES = (Public, ); }; };
		A08D310FCDEDE1553DCFFC557D58B283 /* Keys.swift in Sources */ = {isa = PBXBuildFile; fileRef = 073B848602B964A9E726E3B8DB6BC95F /* Keys.swift */; };
		A5A55F674EF12F864BAEEE2BDB6A2F62 /* ProjectTests.swift in Sources */ = {isa = PBXBuildFile; fileRef = 6CB8B1D7D5B0372B46575A5AF06CFFCA /* ProjectTests.swift */; };
		A653C8DB6E7261907B940F1CF10A0D74 /* TanukiKit.h in Headers */ = {isa = PBXBuildFile; fileRef = DE3467D350D2600011BE1F1BB300AD3D /* TanukiKit.h */; settings = {ATTRIBUTES = (Public, ); }; };
		A826C3734FF5B0F3183A56E626EF4CDA /* User.swift in Sources */ = {isa = PBXBuildFile; fileRef = 41C13227D7C909BC50C8F6036BC826E2 /* User.swift */; };
		AB0DA9D353BFDC3EF45201D1E71C571B /* public_key.json in Resources */ = {isa = PBXBuildFile; fileRef = 5597F1747C8C5666820AE41F5DDCB6A3 /* public_key.json */; };
		AD61ABBA93B31089424A6D8FB69D1E5B /* TanukiKit.framework in Frameworks */ = {isa = PBXBuildFile; fileRef = 27B32283316A63B55E858A0F6B3BACD5 /* TanukiKit.framework */; };
		B1CA1BBBBD6AA380003589C86C083EAE /* ProjectTests.swift in Sources */ = {isa = PBXBuildFile; fileRef = 6CB8B1D7D5B0372B46575A5AF06CFFCA /* ProjectTests.swift */; };
		B256971E4F60ECA6E89E4E89FD7FFFA3 /* User.json in Resources */ = {isa = PBXBuildFile; fileRef = 74206D97A03B75EE2C815B230BC4263A /* User.json */; };
		B5AAF1F7070ED01F40A2687B01BC2EEE /* TanukiKitTestURLSession.swift in Sources */ = {isa = PBXBuildFile; fileRef = 5C3B85A3A38D315075224368C87D8E3D /* TanukiKitTestURLSession.swift */; };
		BAEC33F5EAE900982C1E6406F48E932B /* Keys.swift in Sources */ = {isa = PBXBuildFile; fileRef = 073B848602B964A9E726E3B8DB6BC95F /* Keys.swift */; };
		BB419A66BFA5D8EDB287DC498E388B02 /* Project.swift in Sources */ = {isa = PBXBuildFile; fileRef = 2C3FA506B89F82880B3E7CED785ACA35 /* Project.swift */; };
		C0DF8C358C7467E152815BE2F98FC531 /* Keys.swift in Sources */ = {isa = PBXBuildFile; fileRef = 073B848602B964A9E726E3B8DB6BC95F /* Keys.swift */; };
		C379E114B8E2830A46BA40F5FB8E7B3B /* TestHelper.swift in Sources */ = {isa = PBXBuildFile; fileRef = 599DBD5FBF34D262DEBD61BE6EB7C4E4 /* TestHelper.swift */; };
		C6304F60F316B6559F148A21BBB05F1B /* public_key.json in Resources */ = {isa = PBXBuildFile; fileRef = 5597F1747C8C5666820AE41F5DDCB6A3 /* public_key.json */; };
		CBD672B33C6DB48484479E4211C9F20E /* TanukiKit.swift in Sources */ = {isa = PBXBuildFile; fileRef = 8AEB4FEE2BD2054CF6DCE70DE28C1EEE /* TanukiKit.swift */; };
		D07A3346BBE45E10FE66DCB221081471 /* RequestKit.framework in Frameworks */ = {isa = PBXBuildFile; fileRef = AF12B4717DFFA36483FF1C0DA2B38CC5 /* RequestKit.framework */; };
		D796C1218CA4C821A468EF12D24CE992 /* TanukiKit.swift in Sources */ = {isa = PBXBuildFile; fileRef = 8AEB4FEE2BD2054CF6DCE70DE28C1EEE /* TanukiKit.swift */; };
		D81897B6C36285366838CF9E44C1B731 /* TanukiKitTestURLSession.swift in Sources */ = {isa = PBXBuildFile; fileRef = 5C3B85A3A38D315075224368C87D8E3D /* TanukiKitTestURLSession.swift */; };
		D8E24BF4454468259672F1E098C619B7 /* UserTests.swift in Sources */ = {isa = PBXBuildFile; fileRef = AC71371170C68DD0AC069D4F45DFA3F2 /* UserTests.swift */; };
		DB1A1EDC4E1CB7C3C1A44D61EAEF0D13 /* Configuration.swift in Sources */ = {isa = PBXBuildFile; fileRef = CA30684E146A84436231288AAAF7D4C3 /* Configuration.swift */; };
		DC8DFD234D9CA10742D375648C8D3138 /* CommitStatus.json in Resources */ = {isa = PBXBuildFile; fileRef = 659C6B6D05A6322346A3CC96539A3D61 /* CommitStatus.json */; };
		DD301E536329702F99B115C173CADEFE /* TestHelper.swift in Sources */ = {isa = PBXBuildFile; fileRef = 599DBD5FBF34D262DEBD61BE6EB7C4E4 /* TestHelper.swift */; };
		DECBA85D888F965ADB5C99C987E3D39A /* RequestKit.framework in Frameworks */ = {isa = PBXBuildFile; fileRef = A01DB50316B084A5B63546FA5863D657 /* RequestKit.framework */; };
		E17E724F1A9877B55FF5BB26E1B8E7D4 /* Projects.json in Resources */ = {isa = PBXBuildFile; fileRef = C7E6CAEAE39DCAF51B4F6A1C83F75370 /* Projects.json */; };
		E45651D818CC4C1B625A1531F67DDA9E /* UserTests.swift in Sources */ = {isa = PBXBuildFile; fileRef = AC71371170C68DD0AC069D4F45DFA3F2 /* UserTests.swift */; };
		E6130E06DBDEAE0D9C8643D6520BB30E /* TanukiKitTestURLSession.swift in Sources */ = {isa = PBXBuildFile; fileRef = 5C3B85A3A38D315075224368C87D8E3D /* TanukiKitTestURLSession.swift */; };
		E6B04B9A218690D74A01842069BA407B /* TanukiKit.h in Headers */ = {isa = PBXBuildFile; fileRef = DE3467D350D2600011BE1F1BB300AD3D /* TanukiKit.h */; settings = {ATTRIBUTES = (Public, ); }; };
		E70AAC87CAD07D338A8D3AE7A6863F31 /* Time.swift in Sources */ = {isa = PBXBuildFile; fileRef = 8EE76F7501759BE81D349AA75A38F30E /* Time.swift */; };
		EA164EB0DF103EA503B4FCACFED527A8 /* Project.json in Resources */ = {isa = PBXBuildFile; fileRef = F9D1181EC29F4993AB999B1821E4C65B /* Project.json */; };
		EA5BBBD7F72CACBA4A232A3AEAF584AD /* Configuration.swift in Sources */ = {isa = PBXBuildFile; fileRef = CA30684E146A84436231288AAAF7D4C3 /* Configuration.swift */; };
/* End PBXBuildFile section */

/* Begin PBXContainerItemProxy section */
		29B9AF04B02CF1020F123E6FBA22D329 /* PBXContainerItemProxy */ = {
			isa = PBXContainerItemProxy;
			containerPortal = 01A3F42CB1BE954E4D39B7B713B8A7A2 /* Project object */;
			proxyType = 1;
			remoteGlobalIDString = 38F4075B1BDE371EE46B6293A5E58CDA;
			remoteInfo = "TanukiKit Mac";
		};
		6A491370F67D1A4E821699F9A28E3D48 /* PBXContainerItemProxy */ = {
			isa = PBXContainerItemProxy;
			containerPortal = 01A3F42CB1BE954E4D39B7B713B8A7A2 /* Project object */;
			proxyType = 1;
			remoteGlobalIDString = 3B7975AAD73D768384AB1EE8A1173E9D;
			remoteInfo = TanukiKit;
		};
		EF34EC8090527785D968010D3F440A47 /* PBXContainerItemProxy */ = {
			isa = PBXContainerItemProxy;
			containerPortal = 01A3F42CB1BE954E4D39B7B713B8A7A2 /* Project object */;
			proxyType = 1;
			remoteGlobalIDString = 93E94B2684891B0D456E39399B49B542;
			remoteInfo = "TanukiKit tvOS";
		};
/* End PBXContainerItemProxy section */

/* Begin PBXCopyFilesBuildPhase section */
		0216BF57B2B926A730697D6A377239F1 /* Carthage embed */ = {
			isa = PBXCopyFilesBuildPhase;
			buildActionMask = 2147483647;
			dstPath = "";
			dstSubfolderSpec = 10;
			files = (
				6A8A26E7F95B3033B1FA11BFE5E1CF89 /* RequestKit.framework in Carthage embed */,
			);
			name = "Carthage embed";
			runOnlyForDeploymentPostprocessing = 0;
		};
		960BF412A5FF74AA01CD5B435AFB763C /* Carthage embed */ = {
			isa = PBXCopyFilesBuildPhase;
			buildActionMask = 2147483647;
			dstPath = "";
			dstSubfolderSpec = 10;
			files = (
				186EA252B0CE9C26C16F3AED344BF6C0 /* RequestKit.framework in Carthage embed */,
			);
			name = "Carthage embed";
			runOnlyForDeploymentPostprocessing = 0;
		};
		D2C5DE35C8CB4F08FCF3837FF132BF19 /* Carthage embed */ = {
			isa = PBXCopyFilesBuildPhase;
			buildActionMask = 2147483647;
			dstPath = "";
			dstSubfolderSpec = 10;
			files = (
				861CE9115DD00F0D3EF50E7666DF604A /* RequestKit.framework in Carthage embed */,
			);
			name = "Carthage embed";
			runOnlyForDeploymentPostprocessing = 0;
		};
/* End PBXCopyFilesBuildPhase section */

/* Begin PBXFileReference section */
		067E11A80276C6CEC378AA8C24C9DC27 /* TanukiKit MacTests.xctest */ = {isa = PBXFileReference; explicitFileType = wrapper.cfbundle; includeInIndex = 0; path = "TanukiKit MacTests.xctest"; sourceTree = BUILT_PRODUCTS_DIR; };
		073B848602B964A9E726E3B8DB6BC95F /* Keys.swift */ = {isa = PBXFileReference; fileEncoding = 4; lastKnownFileType = sourcecode.swift; path = Keys.swift; sourceTree = "<group>"; };
		0C77668798B84442484B353E219664C7 /* Event.json */ = {isa = PBXFileReference; fileEncoding = 4; lastKnownFileType = text.json; name = Event.json; path = Fixtures/Event.json; sourceTree = "<group>"; };
		27B32283316A63B55E858A0F6B3BACD5 /* TanukiKit.framework */ = {isa = PBXFileReference; explicitFileType = wrapper.framework; includeInIndex = 0; path = TanukiKit.framework; sourceTree = BUILT_PRODUCTS_DIR; };
		2C3FA506B89F82880B3E7CED785ACA35 /* Project.swift */ = {isa = PBXFileReference; fileEncoding = 4; lastKnownFileType = sourcecode.swift; path = Project.swift; sourceTree = "<group>"; };
		2F1B6E16948DFE4B4FD6223C12917B2D /* Info.plist */ = {isa = PBXFileReference; lastKnownFileType = text.plist.xml; path = Info.plist; sourceTree = "<group>"; };
		41C13227D7C909BC50C8F6036BC826E2 /* User.swift */ = {isa = PBXFileReference; fileEncoding = 4; lastKnownFileType = sourcecode.swift; path = User.swift; sourceTree = "<group>"; };
		5597F1747C8C5666820AE41F5DDCB6A3 /* public_key.json */ = {isa = PBXFileReference; fileEncoding = 4; lastKnownFileType = text.json; name = public_key.json; path = Fixtures/public_key.json; sourceTree = "<group>"; };
		599DBD5FBF34D262DEBD61BE6EB7C4E4 /* TestHelper.swift */ = {isa = PBXFileReference; fileEncoding = 4; lastKnownFileType = sourcecode.swift; path = TestHelper.swift; sourceTree = "<group>"; };
		5C3B85A3A38D315075224368C87D8E3D /* TanukiKitTestURLSession.swift */ = {isa = PBXFileReference; fileEncoding = 4; lastKnownFileType = sourcecode.swift; path = TanukiKitTestURLSession.swift; sourceTree = "<group>"; };
		659C6B6D05A6322346A3CC96539A3D61 /* CommitStatus.json */ = {isa = PBXFileReference; fileEncoding = 4; lastKnownFileType = text.json; name = CommitStatus.json; path = Fixtures/CommitStatus.json; sourceTree = "<group>"; };
		66C44906BBF9DE140303EE4FFB7E5D25 /* TanukiKit tvOSTests.xctest */ = {isa = PBXFileReference; explicitFileType = wrapper.cfbundle; includeInIndex = 0; path = "TanukiKit tvOSTests.xctest"; sourceTree = BUILT_PRODUCTS_DIR; };
		6CB8B1D7D5B0372B46575A5AF06CFFCA /* ProjectTests.swift */ = {isa = PBXFileReference; fileEncoding = 4; lastKnownFileType = sourcecode.swift; path = ProjectTests.swift; sourceTree = "<group>"; };
		74206D97A03B75EE2C815B230BC4263A /* User.json */ = {isa = PBXFileReference; fileEncoding = 4; lastKnownFileType = text.json; name = User.json; path = Fixtures/User.json; sourceTree = "<group>"; };
		7F98B078ACDFB01199D19D45B4E91B07 /* CommitDiff.json */ = {isa = PBXFileReference; fileEncoding = 4; lastKnownFileType = text.json; name = CommitDiff.json; path = Fixtures/CommitDiff.json; sourceTree = "<group>"; };
		82B81E7504C87AA5219BC6EE6A3B0983 /* TanukiKitTests.xctest */ = {isa = PBXFileReference; explicitFileType = wrapper.cfbundle; includeInIndex = 0; path = TanukiKitTests.xctest; sourceTree = BUILT_PRODUCTS_DIR; };
		89FD059A27DD9F920D29F9AB2324E1E8 /* CommitComment.json */ = {isa = PBXFileReference; fileEncoding = 4; lastKnownFileType = text.json; name = CommitComment.json; path = Fixtures/CommitComment.json; sourceTree = "<group>"; };
		8AEB4FEE2BD2054CF6DCE70DE28C1EEE /* TanukiKit.swift */ = {isa = PBXFileReference; fileEncoding = 4; lastKnownFileType = sourcecode.swift; path = TanukiKit.swift; sourceTree = "<group>"; };
		8EE76F7501759BE81D349AA75A38F30E /* Time.swift */ = {isa = PBXFileReference; fileEncoding = 4; lastKnownFileType = sourcecode.swift; path = Time.swift; sourceTree = "<group>"; };
		919F5A7678BDA179B58A3C84B66D56E8 /* CommitTests.swift */ = {isa = PBXFileReference; fileEncoding = 4; lastKnownFileType = sourcecode.swift; path = CommitTests.swift; sourceTree = "<group>"; };
		9AD8F309581981B1B8E0727BA287D0DD /* Events.json */ = {isa = PBXFileReference; fileEncoding = 4; lastKnownFileType = text.json; name = Events.json; path = Fixtures/Events.json; sourceTree = "<group>"; };
		A01DB50316B084A5B63546FA5863D657 /* RequestKit.framework */ = {isa = PBXFileReference; lastKnownFileType = wrapper.framework; name = RequestKit.framework; path = ../Carthage/Build/iOS/RequestKit.framework; sourceTree = "<group>"; };
		A7E59B033D9A3FA205408CFB47FC46E4 /* ConfigurationTests.swift */ = {isa = PBXFileReference; fileEncoding = 4; lastKnownFileType = sourcecode.swift; path = ConfigurationTests.swift; sourceTree = "<group>"; };
		A9DD3AAAA56EBAB534AAFAB0ED288914 /* Commit.swift */ = {isa = PBXFileReference; fileEncoding = 4; lastKnownFileType = sourcecode.swift; path = Commit.swift; sourceTree = "<group>"; };
		AC71371170C68DD0AC069D4F45DFA3F2 /* UserTests.swift */ = {isa = PBXFileReference; fileEncoding = 4; lastKnownFileType = sourcecode.swift; path = UserTests.swift; sourceTree = "<group>"; };
		AF12B4717DFFA36483FF1C0DA2B38CC5 /* RequestKit.framework */ = {isa = PBXFileReference; lastKnownFileType = wrapper.framework; name = RequestKit.framework; path = Carthage/Build/Mac/RequestKit.framework; sourceTree = "<group>"; };
		BFE245A0742B8DB5C93D574A892CE8D5 /* KeysTests.swift */ = {isa = PBXFileReference; fileEncoding = 4; lastKnownFileType = sourcecode.swift; path = KeysTests.swift; sourceTree = "<group>"; };
		C7E6CAEAE39DCAF51B4F6A1C83F75370 /* Projects.json */ = {isa = PBXFileReference; fileEncoding = 4; lastKnownFileType = text.json; name = Projects.json; path = Fixtures/Projects.json; sourceTree = "<group>"; };
		CA30684E146A84436231288AAAF7D4C3 /* Configuration.swift */ = {isa = PBXFileReference; fileEncoding = 4; lastKnownFileType = sourcecode.swift; path = Configuration.swift; sourceTree = "<group>"; };
		DC808A328F2A8331CAA0ECE6B8902436 /* Commits.json */ = {isa = PBXFileReference; fileEncoding = 4; lastKnownFileType = text.json; name = Commits.json; path = Fixtures/Commits.json; sourceTree = "<group>"; };
		DE3467D350D2600011BE1F1BB300AD3D /* TanukiKit.h */ = {isa = PBXFileReference; lastKnownFileType = sourcecode.c.h; path = TanukiKit.h; sourceTree = "<group>"; };
		E722B44A4BB4F51A147369C83890302F /* Commit.json */ = {isa = PBXFileReference; fileEncoding = 4; lastKnownFileType = text.json; name = Commit.json; path = Fixtures/Commit.json; sourceTree = "<group>"; };
		EB87E2FAFE582D6766DE22911C0C56C5 /* Info.plist */ = {isa = PBXFileReference; lastKnownFileType = text.plist.xml; path = Info.plist; sourceTree = "<group>"; };
		F9D1181EC29F4993AB999B1821E4C65B /* Project.json */ = {isa = PBXFileReference; fileEncoding = 4; lastKnownFileType = text.json; name = Project.json; path = Fixtures/Project.json; sourceTree = "<group>"; };
/* End PBXFileReference section */

/* Begin PBXFrameworksBuildPhase section */
		078B8C0BE88B81A54C5285A7A408615F /* Frameworks */ = {
			isa = PBXFrameworksBuildPhase;
			buildActionMask = 2147483647;
			files = (
				AD61ABBA93B31089424A6D8FB69D1E5B /* TanukiKit.framework in Frameworks */,
			);
			runOnlyForDeploymentPostprocessing = 0;
		};
		32249501374F11791E784CBA42E7757D /* Frameworks */ = {
			isa = PBXFrameworksBuildPhase;
			buildActionMask = 2147483647;
			files = (
				2B36715AA0BDF6F50BC72F1933C245A3 /* RequestKit.framework in Frameworks */,
			);
			runOnlyForDeploymentPostprocessing = 0;
		};
		635138F20EC286CA8D08D16E93DE0E3C /* Frameworks */ = {
			isa = PBXFrameworksBuildPhase;
			buildActionMask = 2147483647;
			files = (
				55EE57C950AF521F3BB29F8A01C452FE /* TanukiKit.framework in Frameworks */,
			);
			runOnlyForDeploymentPostprocessing = 0;
		};
		777EF8A7347F96A552FC259C94DB62E5 /* Frameworks */ = {
			isa = PBXFrameworksBuildPhase;
			buildActionMask = 2147483647;
			files = (
				4C919C2E86CB609F991A91DE5D13F00B /* RequestKit.framework in Frameworks */,
			);
			runOnlyForDeploymentPostprocessing = 0;
		};
		CA7410829356FBA1EE50B2DA5928BE5B /* Frameworks */ = {
			isa = PBXFrameworksBuildPhase;
			buildActionMask = 2147483647;
			files = (
				D07A3346BBE45E10FE66DCB221081471 /* RequestKit.framework in Frameworks */,
			);
			runOnlyForDeploymentPostprocessing = 0;
		};
		F62230268145F0CF7F09ED841AAB195A /* Frameworks */ = {
			isa = PBXFrameworksBuildPhase;
			buildActionMask = 2147483647;
			files = (
				DECBA85D888F965ADB5C99C987E3D39A /* RequestKit.framework in Frameworks */,
			);
			runOnlyForDeploymentPostprocessing = 0;
		};
		F7AC7CB3CE3540536DD9CD25189CBAB4 /* Frameworks */ = {
			isa = PBXFrameworksBuildPhase;
			buildActionMask = 2147483647;
			files = (
				4AE227866673FC18CF005EDDC5BB3235 /* TanukiKit.framework in Frameworks */,
			);
			runOnlyForDeploymentPostprocessing = 0;
		};
/* End PBXFrameworksBuildPhase section */

/* Begin PBXGroup section */
		42485DD36C23C96B4504C61E25EFD1E4 /* Frameworks */ = {
			isa = PBXGroup;
			children = (
				AF12B4717DFFA36483FF1C0DA2B38CC5 /* RequestKit.framework */,
			);
			name = Frameworks;
			sourceTree = "<group>";
		};
		51EFFEFF58527149BCA9425BB79F7ED9 = {
			isa = PBXGroup;
			children = (
				42485DD36C23C96B4504C61E25EFD1E4 /* Frameworks */,
				77CFA45782881218FDB5E2593C2BBA65 /* Products */,
				FB184EEA459FC41662ADC61369978268 /* TanukiKit */,
				A2500D35BF5B2B93367BAD3CC7B6B054 /* TanukiKitTests */,
			);
			sourceTree = "<group>";
		};
		636FA0924729CC65439C6F01549A00DE /* Fixtures */ = {
			isa = PBXGroup;
			children = (
				E722B44A4BB4F51A147369C83890302F /* Commit.json */,
				89FD059A27DD9F920D29F9AB2324E1E8 /* CommitComment.json */,
				7F98B078ACDFB01199D19D45B4E91B07 /* CommitDiff.json */,
				659C6B6D05A6322346A3CC96539A3D61 /* CommitStatus.json */,
				DC808A328F2A8331CAA0ECE6B8902436 /* Commits.json */,
				0C77668798B84442484B353E219664C7 /* Event.json */,
				9AD8F309581981B1B8E0727BA287D0DD /* Events.json */,
				F9D1181EC29F4993AB999B1821E4C65B /* Project.json */,
				C7E6CAEAE39DCAF51B4F6A1C83F75370 /* Projects.json */,
				74206D97A03B75EE2C815B230BC4263A /* User.json */,
				5597F1747C8C5666820AE41F5DDCB6A3 /* public_key.json */,
			);
			name = Fixtures;
			sourceTree = "<group>";
		};
		77CFA45782881218FDB5E2593C2BBA65 /* Products */ = {
			isa = PBXGroup;
			children = (
				067E11A80276C6CEC378AA8C24C9DC27 /* TanukiKit MacTests.xctest */,
				66C44906BBF9DE140303EE4FFB7E5D25 /* TanukiKit tvOSTests.xctest */,
				27B32283316A63B55E858A0F6B3BACD5 /* TanukiKit.framework */,
				82B81E7504C87AA5219BC6EE6A3B0983 /* TanukiKitTests.xctest */,
			);
			name = Products;
			sourceTree = "<group>";
		};
		9838E5CD28FFA8843077E9E9608B3D56 /* Frameworks */ = {
			isa = PBXGroup;
			children = (
				A01DB50316B084A5B63546FA5863D657 /* RequestKit.framework */,
			);
			name = Frameworks;
			sourceTree = "<group>";
		};
		A2500D35BF5B2B93367BAD3CC7B6B054 /* TanukiKitTests */ = {
			isa = PBXGroup;
			children = (
				636FA0924729CC65439C6F01549A00DE /* Fixtures */,
				9838E5CD28FFA8843077E9E9608B3D56 /* Frameworks */,
				919F5A7678BDA179B58A3C84B66D56E8 /* CommitTests.swift */,
				A7E59B033D9A3FA205408CFB47FC46E4 /* ConfigurationTests.swift */,
				EB87E2FAFE582D6766DE22911C0C56C5 /* Info.plist */,
				BFE245A0742B8DB5C93D574A892CE8D5 /* KeysTests.swift */,
				6CB8B1D7D5B0372B46575A5AF06CFFCA /* ProjectTests.swift */,
				5C3B85A3A38D315075224368C87D8E3D /* TanukiKitTestURLSession.swift */,
				599DBD5FBF34D262DEBD61BE6EB7C4E4 /* TestHelper.swift */,
				AC71371170C68DD0AC069D4F45DFA3F2 /* UserTests.swift */,
			);
			path = TanukiKitTests;
			sourceTree = "<group>";
		};
		FB184EEA459FC41662ADC61369978268 /* TanukiKit */ = {
			isa = PBXGroup;
			children = (
				A9DD3AAAA56EBAB534AAFAB0ED288914 /* Commit.swift */,
				CA30684E146A84436231288AAAF7D4C3 /* Configuration.swift */,
				2F1B6E16948DFE4B4FD6223C12917B2D /* Info.plist */,
				073B848602B964A9E726E3B8DB6BC95F /* Keys.swift */,
				2C3FA506B89F82880B3E7CED785ACA35 /* Project.swift */,
				DE3467D350D2600011BE1F1BB300AD3D /* TanukiKit.h */,
				8AEB4FEE2BD2054CF6DCE70DE28C1EEE /* TanukiKit.swift */,
				8EE76F7501759BE81D349AA75A38F30E /* Time.swift */,
				41C13227D7C909BC50C8F6036BC826E2 /* User.swift */,
			);
			path = TanukiKit;
			sourceTree = "<group>";
		};
/* End PBXGroup section */

/* Begin PBXHeadersBuildPhase section */
		27EF55E3171AB82257E1172ED730645C /* Headers */ = {
			isa = PBXHeadersBuildPhase;
			buildActionMask = 2147483647;
			files = (
				E6B04B9A218690D74A01842069BA407B /* TanukiKit.h in Headers */,
			);
			runOnlyForDeploymentPostprocessing = 0;
		};
		4EF9553FA8F9427D671382FD5E4F2F4D /* Headers */ = {
			isa = PBXHeadersBuildPhase;
			buildActionMask = 2147483647;
			files = (
				A653C8DB6E7261907B940F1CF10A0D74 /* TanukiKit.h in Headers */,
			);
			runOnlyForDeploymentPostprocessing = 0;
		};
		724B84BD6276F4840292F5D245FB3C80 /* Headers */ = {
			isa = PBXHeadersBuildPhase;
			buildActionMask = 2147483647;
			files = (
				95490CF78D654F5FCA8297AB9030B95B /* TanukiKit.h in Headers */,
			);
			runOnlyForDeploymentPostprocessing = 0;
		};
		78D4CE204D20255508FECA6954D7EB4D /* Headers */ = {
			isa = PBXHeadersBuildPhase;
			buildActionMask = 2147483647;
			files = (
				20F94EECC1336E47F927C294DE14DF65 /* TanukiKit.h in Headers */,
			);
			runOnlyForDeploymentPostprocessing = 0;
		};
/* End PBXHeadersBuildPhase section */

/* Begin PBXNativeTarget section */
		0F31C682B4F00EA9DFF09615EDEFEFA2 /* TanukiKit watchOS */ = {
			isa = PBXNativeTarget;
			buildConfigurationList = 49DC44D7E774E48660A98A046FBE8044 /* Build configuration list for PBXNativeTarget "TanukiKit watchOS" */;
			buildPhases = (
				E224A0EB2BFA068815FA776196184790 /* Sources */,
				777EF8A7347F96A552FC259C94DB62E5 /* Frameworks */,
				78D4CE204D20255508FECA6954D7EB4D /* Headers */,
				B75E3AFBCB22D516AADEDBAEA5E91C60 /* Resources */,
			);
			buildRules = (
			);
			dependencies = (
			);
			name = "TanukiKit watchOS";
			productName = "TanukiKit watchOS";
			productReference = 27B32283316A63B55E858A0F6B3BACD5 /* TanukiKit.framework */;
			productType = "com.apple.product-type.framework";
		};
		3445412CFAB79524B7D4CCDE2B4C4907 /* TanukiKit MacTests */ = {
			isa = PBXNativeTarget;
			buildConfigurationList = B479520972E193CBA416DC044D9BE31D /* Build configuration list for PBXNativeTarget "TanukiKit MacTests" */;
			buildPhases = (
				DB3837EC6CFFF6832C8FBD6C67DF220D /* Sources */,
				635138F20EC286CA8D08D16E93DE0E3C /* Frameworks */,
				B736C3A1B11D48AEFA485513B048DF8B /* Resources */,
				960BF412A5FF74AA01CD5B435AFB763C /* Carthage embed */,
			);
			buildRules = (
			);
			dependencies = (
				F8AC28C449BD79FD4EA7A0139C30C49A /* PBXTargetDependency */,
			);
			name = "TanukiKit MacTests";
			productName = "TanukiKit MacTests";
			productReference = 067E11A80276C6CEC378AA8C24C9DC27 /* TanukiKit MacTests.xctest */;
			productType = "com.apple.product-type.bundle.unit-test";
		};
		38F4075B1BDE371EE46B6293A5E58CDA /* TanukiKit Mac */ = {
			isa = PBXNativeTarget;
			buildConfigurationList = E33022A6891AD40AC383D8C61EBEA6E7 /* Build configuration list for PBXNativeTarget "TanukiKit Mac" */;
			buildPhases = (
				487F829AAF3EF28742B6865B935BFC5B /* Sources */,
				32249501374F11791E784CBA42E7757D /* Frameworks */,
				4EF9553FA8F9427D671382FD5E4F2F4D /* Headers */,
				C3E7FF3457594C11FC817408F53D3E1E /* Resources */,
			);
			buildRules = (
			);
			dependencies = (
			);
			name = "TanukiKit Mac";
			productName = "TanukiKit Mac";
			productReference = 27B32283316A63B55E858A0F6B3BACD5 /* TanukiKit.framework */;
			productType = "com.apple.product-type.framework";
		};
		3B7975AAD73D768384AB1EE8A1173E9D /* TanukiKit */ = {
			isa = PBXNativeTarget;
			buildConfigurationList = 244E00E62E5986E28E6652D513C66E17 /* Build configuration list for PBXNativeTarget "TanukiKit" */;
			buildPhases = (
				34A6B19501C8992B98F7506399810DE0 /* Sources */,
				F62230268145F0CF7F09ED841AAB195A /* Frameworks */,
				27EF55E3171AB82257E1172ED730645C /* Headers */,
				2B9A85522A72AA9F042D3D314101093D /* Resources */,
			);
			buildRules = (
			);
			dependencies = (
			);
			name = TanukiKit;
			productName = TanukiKit;
			productReference = 27B32283316A63B55E858A0F6B3BACD5 /* TanukiKit.framework */;
			productType = "com.apple.product-type.framework";
		};
		562716CEFBF7D7ADEE4EE3270045FCFA /* TanukiKitTests */ = {
			isa = PBXNativeTarget;
			buildConfigurationList = 9E8655BEA3A0D2F2799855FA96727A91 /* Build configuration list for PBXNativeTarget "TanukiKitTests" */;
			buildPhases = (
				0EBD65CF2BD37CFFADBF0C1686F9AF19 /* Sources */,
				078B8C0BE88B81A54C5285A7A408615F /* Frameworks */,
				EC131414B11BF3899D34037AAC41AF5D /* Resources */,
				0216BF57B2B926A730697D6A377239F1 /* Carthage embed */,
			);
			buildRules = (
			);
			dependencies = (
				721E88527CA9697906B2D020EF4F86B7 /* PBXTargetDependency */,
			);
			name = TanukiKitTests;
			productName = TanukiKitTests;
			productReference = 82B81E7504C87AA5219BC6EE6A3B0983 /* TanukiKitTests.xctest */;
			productType = "com.apple.product-type.bundle.unit-test";
		};
		93E94B2684891B0D456E39399B49B542 /* TanukiKit tvOS */ = {
			isa = PBXNativeTarget;
			buildConfigurationList = 0659C41792DC24D376A308866D2A1C19 /* Build configuration list for PBXNativeTarget "TanukiKit tvOS" */;
			buildPhases = (
				CBCD4C9C64DE59FEC069F978D52C559E /* Sources */,
				CA7410829356FBA1EE50B2DA5928BE5B /* Frameworks */,
				724B84BD6276F4840292F5D245FB3C80 /* Headers */,
				F29624FDF92C5A6FFBF83E4166718FF1 /* Resources */,
			);
			buildRules = (
			);
			dependencies = (
			);
			name = "TanukiKit tvOS";
			productName = "TanukiKit tvOS";
			productReference = 27B32283316A63B55E858A0F6B3BACD5 /* TanukiKit.framework */;
			productType = "com.apple.product-type.framework";
		};
		DEAF0BFF62389FDB33FB89A33623994C /* TanukiKit tvOSTests */ = {
			isa = PBXNativeTarget;
			buildConfigurationList = 66FCCBEE126F7BC2512401FCB81EC5F1 /* Build configuration list for PBXNativeTarget "TanukiKit tvOSTests" */;
			buildPhases = (
				41AD31F235A862F69CEA67B2F74EFAA3 /* Sources */,
				F7AC7CB3CE3540536DD9CD25189CBAB4 /* Frameworks */,
				C82C712AF184DE69761EA9C6D5D4EB17 /* Resources */,
				D2C5DE35C8CB4F08FCF3837FF132BF19 /* Carthage embed */,
			);
			buildRules = (
			);
			dependencies = (
				03FD0AEF560D312212951EE9BD3B7C5E /* PBXTargetDependency */,
			);
			name = "TanukiKit tvOSTests";
			productName = "TanukiKit tvOSTests";
			productReference = 66C44906BBF9DE140303EE4FFB7E5D25 /* TanukiKit tvOSTests.xctest */;
			productType = "com.apple.product-type.bundle.unit-test";
		};
/* End PBXNativeTarget section */

/* Begin PBXProject section */
		01A3F42CB1BE954E4D39B7B713B8A7A2 /* Project object */ = {
			isa = PBXProject;
			attributes = {
				LastSwiftUpdateCheck = 0720;
				LastUpgradeCheck = 0800;
				ORGANIZATIONNAME = nerdishbynature;
				TargetAttributes = {
					0F31C682B4F00EA9DFF09615EDEFEFA2 = {
						CreatedOnToolsVersion = 7.2.1;
					};
					3445412CFAB79524B7D4CCDE2B4C4907 = {
						CreatedOnToolsVersion = 7.2.1;
					};
					38F4075B1BDE371EE46B6293A5E58CDA = {
						CreatedOnToolsVersion = 7.2.1;
					};
					3B7975AAD73D768384AB1EE8A1173E9D = {
						CreatedOnToolsVersion = 7.1;
						LastSwiftMigration = 0800;
					};
					562716CEFBF7D7ADEE4EE3270045FCFA = {
						CreatedOnToolsVersion = 7.1;
						LastSwiftMigration = 0800;
					};
					93E94B2684891B0D456E39399B49B542 = {
						CreatedOnToolsVersion = 7.2.1;
					};
					DEAF0BFF62389FDB33FB89A33623994C = {
						CreatedOnToolsVersion = 7.2.1;
					};
				};
			};
			buildConfigurationList = F189E17FF3176DF4EA69C8308775E90E /* Build configuration list for PBXProject "TanukiKit" */;
			compatibilityVersion = "Xcode 3.2";
			developmentRegion = English;
			hasScannedForEncodings = 0;
			knownRegions = (
				en,
			);
			mainGroup = 51EFFEFF58527149BCA9425BB79F7ED9;
			productRefGroup = 77CFA45782881218FDB5E2593C2BBA65 /* Products */;
			projectDirPath = "";
			projectRoot = "";
			targets = (
				3B7975AAD73D768384AB1EE8A1173E9D /* TanukiKit */,
				562716CEFBF7D7ADEE4EE3270045FCFA /* TanukiKitTests */,
				0F31C682B4F00EA9DFF09615EDEFEFA2 /* TanukiKit watchOS */,
				93E94B2684891B0D456E39399B49B542 /* TanukiKit tvOS */,
				DEAF0BFF62389FDB33FB89A33623994C /* TanukiKit tvOSTests */,
				38F4075B1BDE371EE46B6293A5E58CDA /* TanukiKit Mac */,
				3445412CFAB79524B7D4CCDE2B4C4907 /* TanukiKit MacTests */,
			);
		};
/* End PBXProject section */

/* Begin PBXResourcesBuildPhase section */
		2B9A85522A72AA9F042D3D314101093D /* Resources */ = {
			isa = PBXResourcesBuildPhase;
			buildActionMask = 2147483647;
			files = (
			);
			runOnlyForDeploymentPostprocessing = 0;
		};
		B736C3A1B11D48AEFA485513B048DF8B /* Resources */ = {
			isa = PBXResourcesBuildPhase;
			buildActionMask = 2147483647;
			files = (
				76A8D06F1E5B197500FB9733 /* CommitStatus.json in Resources */,
				574EC0A61B5CFE396B402CADE446A468 /* Event.json in Resources */,
				76A8D06A1E5B196600FB9733 /* Commit.json in Resources */,
				76A8D0711E5B197900FB9733 /* Commits.json in Resources */,
				4C4003250B7FC168CF762023CF4F399C /* Events.json in Resources */,
				366DB9B5FE0EF584EB402F9E048C13BD /* Project.json in Resources */,
				76A8D06D1E5B196F00FB9733 /* CommitDiff.json in Resources */,
				87B1357F34B8F3197F94A265CF1C2DE1 /* Projects.json in Resources */,
				B256971E4F60ECA6E89E4E89FD7FFFA3 /* User.json in Resources */,
				76A8D06C1E5B196D00FB9733 /* CommitComment.json in Resources */,
				7EA3D8D6CE77AF299267D32AF31E3284 /* public_key.json in Resources */,
			);
			runOnlyForDeploymentPostprocessing = 0;
		};
		B75E3AFBCB22D516AADEDBAEA5E91C60 /* Resources */ = {
			isa = PBXResourcesBuildPhase;
			buildActionMask = 2147483647;
			files = (
			);
			runOnlyForDeploymentPostprocessing = 0;
		};
		C3E7FF3457594C11FC817408F53D3E1E /* Resources */ = {
			isa = PBXResourcesBuildPhase;
			buildActionMask = 2147483647;
			files = (
			);
			runOnlyForDeploymentPostprocessing = 0;
		};
		C82C712AF184DE69761EA9C6D5D4EB17 /* Resources */ = {
			isa = PBXResourcesBuildPhase;
			buildActionMask = 2147483647;
			files = (
				76A8D0701E5B197500FB9733 /* CommitStatus.json in Resources */,
				352ACA4B4A68BA5E3A29F1BBE1F4FBFD /* Event.json in Resources */,
				76A8D0691E5B196500FB9733 /* Commit.json in Resources */,
				76A8D0721E5B197A00FB9733 /* Commits.json in Resources */,
				5018211A785FDF14C412B6DF1067110D /* Events.json in Resources */,
				0A662AC17ED380C15E6256D3D5FD3D70 /* Project.json in Resources */,
				76A8D06E1E5B197000FB9733 /* CommitDiff.json in Resources */,
				E17E724F1A9877B55FF5BB26E1B8E7D4 /* Projects.json in Resources */,
				0769BA8292959A0A048B43787C6D3286 /* User.json in Resources */,
				76A8D06B1E5B196C00FB9733 /* CommitComment.json in Resources */,
				AB0DA9D353BFDC3EF45201D1E71C571B /* public_key.json in Resources */,
			);
			runOnlyForDeploymentPostprocessing = 0;
		};
		EC131414B11BF3899D34037AAC41AF5D /* Resources */ = {
			isa = PBXResourcesBuildPhase;
			buildActionMask = 2147483647;
			files = (
				9150D5DB4C85F0C0D26871A767BCE9A0 /* Commit.json in Resources */,
				6CDD794F01D5B4859CDA9C458FA4B2D2 /* CommitComment.json in Resources */,
				31A56174AEBAAB59F53D2F38CFCA552F /* CommitDiff.json in Resources */,
				DC8DFD234D9CA10742D375648C8D3138 /* CommitStatus.json in Resources */,
				8E7CDA2559A309EBC32EC5AE4D54DA29 /* Commits.json in Resources */,
				35792D326F3C6FEE786F95B8ECC9026E /* Event.json in Resources */,
				381538306E30B7F0D0EAB342318515BD /* Events.json in Resources */,
				EA164EB0DF103EA503B4FCACFED527A8 /* Project.json in Resources */,
				83AC0157A5C734BEC2AE8100311F7D10 /* Projects.json in Resources */,
				2B4EA28F91C5EA216EEEFAC63B5A6AF8 /* User.json in Resources */,
				C6304F60F316B6559F148A21BBB05F1B /* public_key.json in Resources */,
			);
			runOnlyForDeploymentPostprocessing = 0;
		};
		F29624FDF92C5A6FFBF83E4166718FF1 /* Resources */ = {
			isa = PBXResourcesBuildPhase;
			buildActionMask = 2147483647;
			files = (
			);
			runOnlyForDeploymentPostprocessing = 0;
		};
/* End PBXResourcesBuildPhase section */

/* Begin PBXSourcesBuildPhase section */
		0EBD65CF2BD37CFFADBF0C1686F9AF19 /* Sources */ = {
			isa = PBXSourcesBuildPhase;
			buildActionMask = 2147483647;
			files = (
				8746BCDCF41FF9A8C8FB7A58E8BBBE5F /* CommitTests.swift in Sources */,
				55952403B234C63DA693DDD0FDA3B38B /* ConfigurationTests.swift in Sources */,
				1FA9AA510682185C27F85A0C35806767 /* KeysTests.swift in Sources */,
				A5A55F674EF12F864BAEEE2BDB6A2F62 /* ProjectTests.swift in Sources */,
				B5AAF1F7070ED01F40A2687B01BC2EEE /* TanukiKitTestURLSession.swift in Sources */,
				810CAEC3F5141B968A79B5F9FF7C4D42 /* TestHelper.swift in Sources */,
				D8E24BF4454468259672F1E098C619B7 /* UserTests.swift in Sources */,
			);
			runOnlyForDeploymentPostprocessing = 0;
		};
		34A6B19501C8992B98F7506399810DE0 /* Sources */ = {
			isa = PBXSourcesBuildPhase;
			buildActionMask = 2147483647;
			files = (
				40C576038EAE82B280E06C5A50E6FEC7 /* Commit.swift in Sources */,
				EA5BBBD7F72CACBA4A232A3AEAF584AD /* Configuration.swift in Sources */,
				C0DF8C358C7467E152815BE2F98FC531 /* Keys.swift in Sources */,
				4BD6ACF9363CB0F0AD03076F2AA778E3 /* Project.swift in Sources */,
				30B38528CC018D4321D2817745305824 /* TanukiKit.swift in Sources */,
				8B69278939507836B4863AB46E1A4769 /* Time.swift in Sources */,
				8CF5BFD7CBC0C59413ACD2D94E1D21CA /* User.swift in Sources */,
			);
			runOnlyForDeploymentPostprocessing = 0;
		};
		41AD31F235A862F69CEA67B2F74EFAA3 /* Sources */ = {
			isa = PBXSourcesBuildPhase;
			buildActionMask = 2147483647;
			files = (
				2CE210773699D5B40A457BB48ACAC841 /* ConfigurationTests.swift in Sources */,
				1E626B7EFB2739B7C639877997BC8DA1 /* KeysTests.swift in Sources */,
				7C5A3919597D9DB85C42615FBD8323C1 /* ProjectTests.swift in Sources */,
				D81897B6C36285366838CF9E44C1B731 /* TanukiKitTestURLSession.swift in Sources */,
				76CB63CD1E57B403004F1A37 /* CommitTests.swift in Sources */,
				DD301E536329702F99B115C173CADEFE /* TestHelper.swift in Sources */,
				E45651D818CC4C1B625A1531F67DDA9E /* UserTests.swift in Sources */,
			);
			runOnlyForDeploymentPostprocessing = 0;
		};
		487F829AAF3EF28742B6865B935BFC5B /* Sources */ = {
			isa = PBXSourcesBuildPhase;
			buildActionMask = 2147483647;
			files = (
				DB1A1EDC4E1CB7C3C1A44D61EAEF0D13 /* Configuration.swift in Sources */,
				3A491C3238EBEE35648CD97CEEB441FA /* Keys.swift in Sources */,
				76CB63CA1E57B3F3004F1A37 /* Commit.swift in Sources */,
				14934D48A4CDABFC74E6E2194C6DB60E /* Project.swift in Sources */,
				D796C1218CA4C821A468EF12D24CE992 /* TanukiKit.swift in Sources */,
				783CA3C79721AEC168FA6D1CB1575B0A /* Time.swift in Sources */,
				90A4968A7CC2410FE90C5027127B0DB1 /* User.swift in Sources */,
			);
			runOnlyForDeploymentPostprocessing = 0;
		};
		CBCD4C9C64DE59FEC069F978D52C559E /* Sources */ = {
			isa = PBXSourcesBuildPhase;
			buildActionMask = 2147483647;
			files = (
				8450AE8D2DD1B858817C2F3AF4EE5FFC /* Configuration.swift in Sources */,
				BAEC33F5EAE900982C1E6406F48E932B /* Keys.swift in Sources */,
				76CB63CB1E57B3F4004F1A37 /* Commit.swift in Sources */,
				15F22497A073A5178A361E4BA2EBE3A8 /* Project.swift in Sources */,
				CBD672B33C6DB48484479E4211C9F20E /* TanukiKit.swift in Sources */,
				41A4CE7E573847548074D5773D0E2792 /* Time.swift in Sources */,
				A826C3734FF5B0F3183A56E626EF4CDA /* User.swift in Sources */,
			);
			runOnlyForDeploymentPostprocessing = 0;
		};
		DB3837EC6CFFF6832C8FBD6C67DF220D /* Sources */ = {
			isa = PBXSourcesBuildPhase;
			buildActionMask = 2147483647;
			files = (
				662706435F2F31D615E04457F1434B1A /* ConfigurationTests.swift in Sources */,
				29F9A8CFE46F641FD1DCB90B60D76514 /* KeysTests.swift in Sources */,
				B1CA1BBBBD6AA380003589C86C083EAE /* ProjectTests.swift in Sources */,
				E6130E06DBDEAE0D9C8643D6520BB30E /* TanukiKitTestURLSession.swift in Sources */,
				76CB63CE1E57B405004F1A37 /* CommitTests.swift in Sources */,
				C379E114B8E2830A46BA40F5FB8E7B3B /* TestHelper.swift in Sources */,
				39972DBB4B4B2AA1FC7DCB6D4BBF3C1A /* UserTests.swift in Sources */,
			);
			runOnlyForDeploymentPostprocessing = 0;
		};
		E224A0EB2BFA068815FA776196184790 /* Sources */ = {
			isa = PBXSourcesBuildPhase;
			buildActionMask = 2147483647;
			files = (
				3A52A1FC7BEF8419D7A597EB2A820769 /* Configuration.swift in Sources */,
				A08D310FCDEDE1553DCFFC557D58B283 /* Keys.swift in Sources */,
				76CB63CC1E57B3F5004F1A37 /* Commit.swift in Sources */,
				BB419A66BFA5D8EDB287DC498E388B02 /* Project.swift in Sources */,
				0337B788FA403E37FC5B4119236D8C0D /* TanukiKit.swift in Sources */,
				E70AAC87CAD07D338A8D3AE7A6863F31 /* Time.swift in Sources */,
				8B33C6FB5C04F39C7C420DF3CCBCD3BD /* User.swift in Sources */,
			);
			runOnlyForDeploymentPostprocessing = 0;
		};
/* End PBXSourcesBuildPhase section */

/* Begin PBXTargetDependency section */
		03FD0AEF560D312212951EE9BD3B7C5E /* PBXTargetDependency */ = {
			isa = PBXTargetDependency;
			target = 93E94B2684891B0D456E39399B49B542 /* TanukiKit tvOS */;
			targetProxy = EF34EC8090527785D968010D3F440A47 /* PBXContainerItemProxy */;
		};
		721E88527CA9697906B2D020EF4F86B7 /* PBXTargetDependency */ = {
			isa = PBXTargetDependency;
			target = 3B7975AAD73D768384AB1EE8A1173E9D /* TanukiKit */;
			targetProxy = 6A491370F67D1A4E821699F9A28E3D48 /* PBXContainerItemProxy */;
		};
		F8AC28C449BD79FD4EA7A0139C30C49A /* PBXTargetDependency */ = {
			isa = PBXTargetDependency;
			target = 38F4075B1BDE371EE46B6293A5E58CDA /* TanukiKit Mac */;
			targetProxy = 29B9AF04B02CF1020F123E6FBA22D329 /* PBXContainerItemProxy */;
		};
/* End PBXTargetDependency section */

/* Begin XCBuildConfiguration section */
		175639A55ACBCAFF000B76CEF8751263 /* Debug */ = {
			isa = XCBuildConfiguration;
			buildSettings = {
				CLANG_ENABLE_MODULES = YES;
				FRAMEWORK_SEARCH_PATHS = (
					"$(inherited)",
					"$(PROJECT_DIR)/Carthage/Build/iOS",
				);
				INFOPLIST_FILE = TanukiKitTests/Info.plist;
				LD_RUNPATH_SEARCH_PATHS = "$(inherited) @executable_path/Frameworks @loader_path/Frameworks";
				PRODUCT_BUNDLE_IDENTIFIER = com.nerdishbynature.TanukiKitTests;
				PRODUCT_NAME = "$(TARGET_NAME)";
				SWIFT_OPTIMIZATION_LEVEL = "-Onone";
				SWIFT_VERSION = 3.0;
			};
			name = Debug;
		};
		2F65DE60A5853A66D2571EA04175E206 /* Release */ = {
			isa = XCBuildConfiguration;
			buildSettings = {
				CLANG_ENABLE_MODULES = YES;
				FRAMEWORK_SEARCH_PATHS = (
					"$(inherited)",
					"$(PROJECT_DIR)/Carthage/Build/iOS",
				);
				INFOPLIST_FILE = TanukiKitTests/Info.plist;
				LD_RUNPATH_SEARCH_PATHS = "$(inherited) @executable_path/Frameworks @loader_path/Frameworks";
				PRODUCT_BUNDLE_IDENTIFIER = com.nerdishbynature.TanukiKitTests;
				PRODUCT_NAME = "$(TARGET_NAME)";
				SWIFT_OPTIMIZATION_LEVEL = "-Owholemodule";
				SWIFT_VERSION = 3.0;
			};
			name = Release;
		};
		358478C3C9134F46767A448F8E40FAA7 /* Debug */ = {
			isa = XCBuildConfiguration;
			buildSettings = {
				"CODE_SIGN_IDENTITY[sdk=appletvos*]" = "";
				DEFINES_MODULE = YES;
				DYLIB_COMPATIBILITY_VERSION = 1;
				DYLIB_CURRENT_VERSION = 1;
				DYLIB_INSTALL_NAME_BASE = "@rpath";
				FRAMEWORK_SEARCH_PATHS = (
					"$(inherited)",
					"$(PROJECT_DIR)/Carthage/Build/tvOS",
				);
				INFOPLIST_FILE = TanukiKit/Info.plist;
				INSTALL_PATH = "$(LOCAL_LIBRARY_DIR)/Frameworks";
				LD_RUNPATH_SEARCH_PATHS = "$(inherited) @executable_path/Frameworks @loader_path/Frameworks";
				SDKROOT = appletvos;
				SKIP_INSTALL = YES;
				TARGETED_DEVICE_FAMILY = 3;
				TVOS_DEPLOYMENT_TARGET = 9.0;
			};
			name = Debug;
		};
		46000DB649E5CDB473D8CD8002A54D5E /* Release */ = {
			isa = XCBuildConfiguration;
			buildSettings = {
				"CODE_SIGN_IDENTITY[sdk=appletvos*]" = "";
				DEFINES_MODULE = YES;
				DYLIB_COMPATIBILITY_VERSION = 1;
				DYLIB_CURRENT_VERSION = 1;
				DYLIB_INSTALL_NAME_BASE = "@rpath";
				FRAMEWORK_SEARCH_PATHS = (
					"$(inherited)",
					"$(PROJECT_DIR)/Carthage/Build/tvOS",
				);
				INFOPLIST_FILE = TanukiKit/Info.plist;
				INSTALL_PATH = "$(LOCAL_LIBRARY_DIR)/Frameworks";
				LD_RUNPATH_SEARCH_PATHS = "$(inherited) @executable_path/Frameworks @loader_path/Frameworks";
				SDKROOT = appletvos;
				SKIP_INSTALL = YES;
				SWIFT_OPTIMIZATION_LEVEL = "-Owholemodule";
				TARGETED_DEVICE_FAMILY = 3;
				TVOS_DEPLOYMENT_TARGET = 9.0;
			};
			name = Release;
		};
		671B344B03808C606F26DC1C2D4023FC /* Release */ = {
			isa = XCBuildConfiguration;
			buildSettings = {
				CODE_SIGN_IDENTITY = "";
				COMBINE_HIDPI_IMAGES = YES;
				DEFINES_MODULE = YES;
				DYLIB_COMPATIBILITY_VERSION = 1;
				DYLIB_CURRENT_VERSION = 1;
				DYLIB_INSTALL_NAME_BASE = "@rpath";
				FRAMEWORK_SEARCH_PATHS = (
					"$(inherited)",
					"$(PROJECT_DIR)/Carthage/Build/Mac",
				);
				FRAMEWORK_VERSION = A;
				INFOPLIST_FILE = TanukiKit/Info.plist;
				INSTALL_PATH = "$(LOCAL_LIBRARY_DIR)/Frameworks";
				LD_RUNPATH_SEARCH_PATHS = "$(inherited) @executable_path/../Frameworks @loader_path/Frameworks";
				MACOSX_DEPLOYMENT_TARGET = 10.10;
				SDKROOT = macosx;
				SKIP_INSTALL = YES;
				SWIFT_OPTIMIZATION_LEVEL = "-Owholemodule";
			};
			name = Release;
		};
		84F0F13D352BE8DB011EF991F175B96F /* Debug */ = {
			isa = XCBuildConfiguration;
			buildSettings = {
				CLANG_ENABLE_MODULES = YES;
				"CODE_SIGN_IDENTITY[sdk=iphoneos*]" = "";
				DEFINES_MODULE = YES;
				DYLIB_COMPATIBILITY_VERSION = 1;
				DYLIB_CURRENT_VERSION = 1;
				DYLIB_INSTALL_NAME_BASE = "@rpath";
				FRAMEWORK_SEARCH_PATHS = (
					"$(inherited)",
					"$(PROJECT_DIR)/Carthage/Build/iOS",
				);
				INFOPLIST_FILE = TanukiKit/Info.plist;
				INSTALL_PATH = "$(LOCAL_LIBRARY_DIR)/Frameworks";
				LD_RUNPATH_SEARCH_PATHS = "$(inherited) @executable_path/Frameworks @loader_path/Frameworks";
				SKIP_INSTALL = YES;
				SWIFT_OPTIMIZATION_LEVEL = "-Onone";
			};
			name = Debug;
		};
		85BCC0A4CF23C41683748F384300E62F /* Debug */ = {
			isa = XCBuildConfiguration;
			buildSettings = {
				APPLICATION_EXTENSION_API_ONLY = YES;
				"CODE_SIGN_IDENTITY[sdk=watchos*]" = "";
				DEFINES_MODULE = YES;
				DYLIB_COMPATIBILITY_VERSION = 1;
				DYLIB_CURRENT_VERSION = 1;
				DYLIB_INSTALL_NAME_BASE = "@rpath";
				FRAMEWORK_SEARCH_PATHS = (
					"$(inherited)",
					"$(PROJECT_DIR)/Carthage/Build/watchOS",
				);
				INFOPLIST_FILE = TanukiKit/Info.plist;
				INSTALL_PATH = "$(LOCAL_LIBRARY_DIR)/Frameworks";
				LD_RUNPATH_SEARCH_PATHS = "$(inherited) @executable_path/Frameworks @loader_path/Frameworks";
				SDKROOT = watchos;
				SKIP_INSTALL = YES;
				TARGETED_DEVICE_FAMILY = 4;
				WATCHOS_DEPLOYMENT_TARGET = 2.1;
			};
			name = Debug;
		};
		CD7DFB0FF1AE90EE56BBB9CCD0CE6ED0 /* Debug */ = {
			isa = XCBuildConfiguration;
			buildSettings = {
				FRAMEWORK_SEARCH_PATHS = (
					"$(inherited)",
					"$(PROJECT_DIR)/Carthage/Build/tvOS",
				);
				INFOPLIST_FILE = TanukiKitTests/Info.plist;
				LD_RUNPATH_SEARCH_PATHS = "$(inherited) @executable_path/Frameworks @loader_path/Frameworks";
				PRODUCT_BUNDLE_IDENTIFIER = "com.nerdishbynature.TanukiKit-tvOSTests";
				PRODUCT_NAME = "$(TARGET_NAME)";
				SDKROOT = appletvos;
				TVOS_DEPLOYMENT_TARGET = 9.1;
			};
			name = Debug;
		};
		D4E0E321F4EDF7A0793E5B4D2009356D /* Debug */ = {
			isa = XCBuildConfiguration;
			buildSettings = {
				CODE_SIGN_IDENTITY = "-";
				COMBINE_HIDPI_IMAGES = YES;
				FRAMEWORK_SEARCH_PATHS = (
					"$(inherited)",
					"$(PROJECT_DIR)/Carthage/Build/Mac",
				);
				INFOPLIST_FILE = TanukiKitTests/Info.plist;
				LD_RUNPATH_SEARCH_PATHS = "$(inherited) @executable_path/../Frameworks @loader_path/../Frameworks";
				MACOSX_DEPLOYMENT_TARGET = 10.11;
				PRODUCT_BUNDLE_IDENTIFIER = "com.nerdishbynature.TanukiKit-MacTests";
				PRODUCT_NAME = "$(TARGET_NAME)";
				SDKROOT = macosx;
			};
			name = Debug;
		};
		DC8596919BAC6A20E168AB91F8AE066B /* Debug */ = {
			isa = XCBuildConfiguration;
			buildSettings = {
				CODE_SIGN_IDENTITY = "";
				COMBINE_HIDPI_IMAGES = YES;
				DEFINES_MODULE = YES;
				DYLIB_COMPATIBILITY_VERSION = 1;
				DYLIB_CURRENT_VERSION = 1;
				DYLIB_INSTALL_NAME_BASE = "@rpath";
				FRAMEWORK_SEARCH_PATHS = (
					"$(inherited)",
					"$(PROJECT_DIR)/Carthage/Build/Mac",
				);
				FRAMEWORK_VERSION = A;
				INFOPLIST_FILE = TanukiKit/Info.plist;
				INSTALL_PATH = "$(LOCAL_LIBRARY_DIR)/Frameworks";
				LD_RUNPATH_SEARCH_PATHS = "$(inherited) @executable_path/../Frameworks @loader_path/Frameworks";
				MACOSX_DEPLOYMENT_TARGET = 10.10;
				SDKROOT = macosx;
				SKIP_INSTALL = YES;
			};
			name = Debug;
		};
		DE9163998276B99B75A4DDDD799080DF /* Release */ = {
			isa = XCBuildConfiguration;
			buildSettings = {
				CLANG_ENABLE_MODULES = YES;
				"CODE_SIGN_IDENTITY[sdk=iphoneos*]" = "";
				DEFINES_MODULE = YES;
				DYLIB_COMPATIBILITY_VERSION = 1;
				DYLIB_CURRENT_VERSION = 1;
				DYLIB_INSTALL_NAME_BASE = "@rpath";
				FRAMEWORK_SEARCH_PATHS = (
					"$(inherited)",
					"$(PROJECT_DIR)/Carthage/Build/iOS",
				);
				INFOPLIST_FILE = TanukiKit/Info.plist;
				INSTALL_PATH = "$(LOCAL_LIBRARY_DIR)/Frameworks";
				LD_RUNPATH_SEARCH_PATHS = "$(inherited) @executable_path/Frameworks @loader_path/Frameworks";
				SKIP_INSTALL = YES;
			};
			name = Release;
		};
		E1A9F96DD7BEDE1479124ECCF4C40B44 /* Release */ = {
			isa = XCBuildConfiguration;
			buildSettings = {
				ALWAYS_SEARCH_USER_PATHS = NO;
				CLANG_CXX_LANGUAGE_STANDARD = "gnu++0x";
				CLANG_CXX_LIBRARY = "libc++";
				CLANG_ENABLE_MODULES = YES;
				CLANG_ENABLE_OBJC_ARC = YES;
				CLANG_WARN_BOOL_CONVERSION = YES;
				CLANG_WARN_CONSTANT_CONVERSION = YES;
				CLANG_WARN_DIRECT_OBJC_ISA_USAGE = YES_ERROR;
				CLANG_WARN_EMPTY_BODY = YES;
				CLANG_WARN_ENUM_CONVERSION = YES;
				CLANG_WARN_INFINITE_RECURSION = YES;
				CLANG_WARN_INT_CONVERSION = YES;
				CLANG_WARN_OBJC_ROOT_CLASS = YES_ERROR;
				CLANG_WARN_SUSPICIOUS_MOVE = YES;
				CLANG_WARN_UNREACHABLE_CODE = YES;
				CLANG_WARN__DUPLICATE_METHOD_MATCH = YES;
				"CODE_SIGN_IDENTITY[sdk=iphoneos*]" = "iPhone Developer";
				COPY_PHASE_STRIP = NO;
				CURRENT_PROJECT_VERSION = 1;
				DEBUG_INFORMATION_FORMAT = "dwarf-with-dsym";
				ENABLE_NS_ASSERTIONS = NO;
				ENABLE_STRICT_OBJC_MSGSEND = YES;
				GCC_C_LANGUAGE_STANDARD = gnu99;
				GCC_NO_COMMON_BLOCKS = YES;
				GCC_WARN_64_TO_32_BIT_CONVERSION = YES;
				GCC_WARN_ABOUT_RETURN_TYPE = YES_ERROR;
				GCC_WARN_UNDECLARED_SELECTOR = YES;
				GCC_WARN_UNINITIALIZED_AUTOS = YES_AGGRESSIVE;
				GCC_WARN_UNUSED_FUNCTION = YES;
				GCC_WARN_UNUSED_VARIABLE = YES;
				IPHONEOS_DEPLOYMENT_TARGET = 9.0;
				MTL_ENABLE_DEBUG_INFO = NO;
				PRODUCT_BUNDLE_IDENTIFIER = com.nerdishbynature.TanukiKit;
				PRODUCT_NAME = TanukiKit;
				SDKROOT = iphoneos;
				SWIFT_OPTIMIZATION_LEVEL = "-Owholemodule";
				SWIFT_VERSION = 3.0;
				TARGETED_DEVICE_FAMILY = "1,2";
				VALIDATE_PRODUCT = YES;
				VERSIONING_SYSTEM = "apple-generic";
				VERSION_INFO_PREFIX = "";
			};
			name = Release;
		};
		E9D5964E8AA7A69EFEF555DC98B28E4B /* Release */ = {
			isa = XCBuildConfiguration;
			buildSettings = {
				FRAMEWORK_SEARCH_PATHS = (
					"$(inherited)",
					"$(PROJECT_DIR)/Carthage/Build/tvOS",
				);
				INFOPLIST_FILE = TanukiKitTests/Info.plist;
				LD_RUNPATH_SEARCH_PATHS = "$(inherited) @executable_path/Frameworks @loader_path/Frameworks";
				PRODUCT_BUNDLE_IDENTIFIER = "com.nerdishbynature.TanukiKit-tvOSTests";
				PRODUCT_NAME = "$(TARGET_NAME)";
				SDKROOT = appletvos;
				SWIFT_OPTIMIZATION_LEVEL = "-Owholemodule";
				TVOS_DEPLOYMENT_TARGET = 9.1;
			};
			name = Release;
		};
		EC05ACDA0862750E5A073D27498A76F2 /* Release */ = {
			isa = XCBuildConfiguration;
			buildSettings = {
				APPLICATION_EXTENSION_API_ONLY = YES;
				"CODE_SIGN_IDENTITY[sdk=watchos*]" = "";
				DEFINES_MODULE = YES;
				DYLIB_COMPATIBILITY_VERSION = 1;
				DYLIB_CURRENT_VERSION = 1;
				DYLIB_INSTALL_NAME_BASE = "@rpath";
				FRAMEWORK_SEARCH_PATHS = (
					"$(inherited)",
					"$(PROJECT_DIR)/Carthage/Build/watchOS",
				);
				INFOPLIST_FILE = TanukiKit/Info.plist;
				INSTALL_PATH = "$(LOCAL_LIBRARY_DIR)/Frameworks";
				LD_RUNPATH_SEARCH_PATHS = "$(inherited) @executable_path/Frameworks @loader_path/Frameworks";
				SDKROOT = watchos;
				SKIP_INSTALL = YES;
				SWIFT_OPTIMIZATION_LEVEL = "-Owholemodule";
				TARGETED_DEVICE_FAMILY = 4;
				WATCHOS_DEPLOYMENT_TARGET = 2.1;
			};
			name = Release;
		};
		F50F1ADA4553EDFF621E92F7F8D86D1B /* Release */ = {
			isa = XCBuildConfiguration;
			buildSettings = {
				CODE_SIGN_IDENTITY = "-";
				COMBINE_HIDPI_IMAGES = YES;
				FRAMEWORK_SEARCH_PATHS = (
					"$(inherited)",
					"$(PROJECT_DIR)/Carthage/Build/Mac",
				);
				INFOPLIST_FILE = TanukiKitTests/Info.plist;
				LD_RUNPATH_SEARCH_PATHS = "$(inherited) @executable_path/../Frameworks @loader_path/../Frameworks";
				MACOSX_DEPLOYMENT_TARGET = 10.11;
				PRODUCT_BUNDLE_IDENTIFIER = "com.nerdishbynature.TanukiKit-MacTests";
				PRODUCT_NAME = "$(TARGET_NAME)";
				SDKROOT = macosx;
				SWIFT_OPTIMIZATION_LEVEL = "-Owholemodule";
			};
			name = Release;
		};
		FB636AD853796D2D5215C062EA2D244A /* Debug */ = {
			isa = XCBuildConfiguration;
			buildSettings = {
				ALWAYS_SEARCH_USER_PATHS = NO;
				CLANG_CXX_LANGUAGE_STANDARD = "gnu++0x";
				CLANG_CXX_LIBRARY = "libc++";
				CLANG_ENABLE_MODULES = YES;
				CLANG_ENABLE_OBJC_ARC = YES;
				CLANG_WARN_BOOL_CONVERSION = YES;
				CLANG_WARN_CONSTANT_CONVERSION = YES;
				CLANG_WARN_DIRECT_OBJC_ISA_USAGE = YES_ERROR;
				CLANG_WARN_EMPTY_BODY = YES;
				CLANG_WARN_ENUM_CONVERSION = YES;
				CLANG_WARN_INFINITE_RECURSION = YES;
				CLANG_WARN_INT_CONVERSION = YES;
				CLANG_WARN_OBJC_ROOT_CLASS = YES_ERROR;
				CLANG_WARN_SUSPICIOUS_MOVE = YES;
				CLANG_WARN_UNREACHABLE_CODE = YES;
				CLANG_WARN__DUPLICATE_METHOD_MATCH = YES;
				"CODE_SIGN_IDENTITY[sdk=iphoneos*]" = "iPhone Developer";
				COPY_PHASE_STRIP = NO;
				CURRENT_PROJECT_VERSION = 1;
				DEBUG_INFORMATION_FORMAT = dwarf;
				ENABLE_STRICT_OBJC_MSGSEND = YES;
				ENABLE_TESTABILITY = YES;
				GCC_C_LANGUAGE_STANDARD = gnu99;
				GCC_DYNAMIC_NO_PIC = NO;
				GCC_NO_COMMON_BLOCKS = YES;
				GCC_OPTIMIZATION_LEVEL = 0;
				GCC_PREPROCESSOR_DEFINITIONS = (
					"DEBUG=1",
					"$(inherited)",
				);
				GCC_WARN_64_TO_32_BIT_CONVERSION = YES;
				GCC_WARN_ABOUT_RETURN_TYPE = YES_ERROR;
				GCC_WARN_UNDECLARED_SELECTOR = YES;
				GCC_WARN_UNINITIALIZED_AUTOS = YES_AGGRESSIVE;
				GCC_WARN_UNUSED_FUNCTION = YES;
				GCC_WARN_UNUSED_VARIABLE = YES;
				IPHONEOS_DEPLOYMENT_TARGET = 9.0;
				MTL_ENABLE_DEBUG_INFO = YES;
				ONLY_ACTIVE_ARCH = YES;
				PRODUCT_BUNDLE_IDENTIFIER = com.nerdishbynature.TanukiKit;
				PRODUCT_NAME = TanukiKit;
				SDKROOT = iphoneos;
				SWIFT_OPTIMIZATION_LEVEL = "-Onone";
				SWIFT_VERSION = 3.0;
				TARGETED_DEVICE_FAMILY = "1,2";
				VERSIONING_SYSTEM = "apple-generic";
				VERSION_INFO_PREFIX = "";
			};
			name = Debug;
		};
/* End XCBuildConfiguration section */

/* Begin XCConfigurationList section */
		0659C41792DC24D376A308866D2A1C19 /* Build configuration list for PBXNativeTarget "TanukiKit tvOS" */ = {
			isa = XCConfigurationList;
			buildConfigurations = (
				358478C3C9134F46767A448F8E40FAA7 /* Debug */,
				46000DB649E5CDB473D8CD8002A54D5E /* Release */,
			);
			defaultConfigurationIsVisible = 0;
			defaultConfigurationName = Release;
		};
		244E00E62E5986E28E6652D513C66E17 /* Build configuration list for PBXNativeTarget "TanukiKit" */ = {
			isa = XCConfigurationList;
			buildConfigurations = (
				84F0F13D352BE8DB011EF991F175B96F /* Debug */,
				DE9163998276B99B75A4DDDD799080DF /* Release */,
			);
			defaultConfigurationIsVisible = 0;
			defaultConfigurationName = Release;
		};
		49DC44D7E774E48660A98A046FBE8044 /* Build configuration list for PBXNativeTarget "TanukiKit watchOS" */ = {
			isa = XCConfigurationList;
			buildConfigurations = (
				85BCC0A4CF23C41683748F384300E62F /* Debug */,
				EC05ACDA0862750E5A073D27498A76F2 /* Release */,
			);
			defaultConfigurationIsVisible = 0;
			defaultConfigurationName = Release;
		};
		66FCCBEE126F7BC2512401FCB81EC5F1 /* Build configuration list for PBXNativeTarget "TanukiKit tvOSTests" */ = {
			isa = XCConfigurationList;
			buildConfigurations = (
				CD7DFB0FF1AE90EE56BBB9CCD0CE6ED0 /* Debug */,
				E9D5964E8AA7A69EFEF555DC98B28E4B /* Release */,
			);
			defaultConfigurationIsVisible = 0;
			defaultConfigurationName = Release;
		};
		9E8655BEA3A0D2F2799855FA96727A91 /* Build configuration list for PBXNativeTarget "TanukiKitTests" */ = {
			isa = XCConfigurationList;
			buildConfigurations = (
				175639A55ACBCAFF000B76CEF8751263 /* Debug */,
				2F65DE60A5853A66D2571EA04175E206 /* Release */,
			);
			defaultConfigurationIsVisible = 0;
			defaultConfigurationName = Release;
		};
		B479520972E193CBA416DC044D9BE31D /* Build configuration list for PBXNativeTarget "TanukiKit MacTests" */ = {
			isa = XCConfigurationList;
			buildConfigurations = (
				D4E0E321F4EDF7A0793E5B4D2009356D /* Debug */,
				F50F1ADA4553EDFF621E92F7F8D86D1B /* Release */,
			);
			defaultConfigurationIsVisible = 0;
			defaultConfigurationName = Release;
		};
		E33022A6891AD40AC383D8C61EBEA6E7 /* Build configuration list for PBXNativeTarget "TanukiKit Mac" */ = {
			isa = XCConfigurationList;
			buildConfigurations = (
				DC8596919BAC6A20E168AB91F8AE066B /* Debug */,
				671B344B03808C606F26DC1C2D4023FC /* Release */,
			);
			defaultConfigurationIsVisible = 0;
			defaultConfigurationName = Release;
		};
		F189E17FF3176DF4EA69C8308775E90E /* Build configuration list for PBXProject "TanukiKit" */ = {
			isa = XCConfigurationList;
			buildConfigurations = (
				FB636AD853796D2D5215C062EA2D244A /* Debug */,
				E1A9F96DD7BEDE1479124ECCF4C40B44 /* Release */,
			);
			defaultConfigurationIsVisible = 0;
			defaultConfigurationName = Release;
		};
/* End XCConfigurationList section */
	};
	rootObject = 01A3F42CB1BE954E4D39B7B713B8A7A2 /* Project object */;
}
